
Microsoft Visual Studio Solution File, Format Version 12.00
Project("{FAE04EC0-301F-11D3-BF4B-00C04F79EFBC}") = "ukol_1", "ukol_1\ukol_1.csproj", "{50844CB9-E2D8-45B5-94A4-C32251B9C935}"
EndProject
Global
	GlobalSection(SolutionConfigurationPlatforms) = preSolution
		Debug|Any CPU = Debug|Any CPU
		Release|Any CPU = Release|Any CPU
	EndGlobalSection
	GlobalSection(ProjectConfigurationPlatforms) = postSolution
		{50844CB9-E2D8-45B5-94A4-C32251B9C935}.Debug|Any CPU.ActiveCfg = Debug|Any CPU
		{50844CB9-E2D8-45B5-94A4-C32251B9C935}.Debug|Any CPU.Build.0 = Debug|Any CPU
		{50844CB9-E2D8-45B5-94A4-C32251B9C935}.Release|Any CPU.ActiveCfg = Release|Any CPU
		{50844CB9-E2D8-45B5-94A4-C32251B9C935}.Release|Any CPU.Build.0 = Release|Any CPU
	EndGlobalSection
EndGlobal
