
Microsoft Visual Studio Solution File, Format Version 12.00
Project("{FAE04EC0-301F-11D3-BF4B-00C04F79EFBC}") = "kvadraticka_funkce", "kvadraticka_funkce\kvadraticka_funkce.csproj", "{BE61CAFA-1E85-4E5B-A7A2-31F2974E179C}"
EndProject
Global
	GlobalSection(SolutionConfigurationPlatforms) = preSolution
		Debug|Any CPU = Debug|Any CPU
		Release|Any CPU = Release|Any CPU
	EndGlobalSection
	GlobalSection(ProjectConfigurationPlatforms) = postSolution
		{BE61CAFA-1E85-4E5B-A7A2-31F2974E179C}.Debug|Any CPU.ActiveCfg = Debug|Any CPU
		{BE61CAFA-1E85-4E5B-A7A2-31F2974E179C}.Debug|Any CPU.Build.0 = Debug|Any CPU
		{BE61CAFA-1E85-4E5B-A7A2-31F2974E179C}.Release|Any CPU.ActiveCfg = Release|Any CPU
		{BE61CAFA-1E85-4E5B-A7A2-31F2974E179C}.Release|Any CPU.Build.0 = Release|Any CPU
	EndGlobalSection
EndGlobal
