
Microsoft Visual Studio Solution File, Format Version 12.00
Project("{FAE04EC0-301F-11D3-BF4B-00C04F79EFBC}") = "Soubory_jmeno-rok", "Soubory_jmeno-rok\Soubory_jmeno-rok.csproj", "{97ED6556-B9AF-4A8A-A509-67E0517E8231}"
EndProject
Global
	GlobalSection(SolutionConfigurationPlatforms) = preSolution
		Debug|Any CPU = Debug|Any CPU
		Release|Any CPU = Release|Any CPU
	EndGlobalSection
	GlobalSection(ProjectConfigurationPlatforms) = postSolution
		{97ED6556-B9AF-4A8A-A509-67E0517E8231}.Debug|Any CPU.ActiveCfg = Debug|Any CPU
		{97ED6556-B9AF-4A8A-A509-67E0517E8231}.Debug|Any CPU.Build.0 = Debug|Any CPU
		{97ED6556-B9AF-4A8A-A509-67E0517E8231}.Release|Any CPU.ActiveCfg = Release|Any CPU
		{97ED6556-B9AF-4A8A-A509-67E0517E8231}.Release|Any CPU.Build.0 = Release|Any CPU
	EndGlobalSection
EndGlobal
