
Microsoft Visual Studio Solution File, Format Version 12.00
Project("{FAE04EC0-301F-11D3-BF4B-00C04F79EFBC}") = "hra_kamen-nuzky-papir", "hra_kamen-nuzky-papir\hra_kamen-nuzky-papir.csproj", "{9CA521E2-9F5E-434F-8E92-23D40F98AD49}"
EndProject
Global
	GlobalSection(SolutionConfigurationPlatforms) = preSolution
		Debug|Any CPU = Debug|Any CPU
		Release|Any CPU = Release|Any CPU
	EndGlobalSection
	GlobalSection(ProjectConfigurationPlatforms) = postSolution
		{9CA521E2-9F5E-434F-8E92-23D40F98AD49}.Debug|Any CPU.ActiveCfg = Debug|Any CPU
		{9CA521E2-9F5E-434F-8E92-23D40F98AD49}.Debug|Any CPU.Build.0 = Debug|Any CPU
		{9CA521E2-9F5E-434F-8E92-23D40F98AD49}.Release|Any CPU.ActiveCfg = Release|Any CPU
		{9CA521E2-9F5E-434F-8E92-23D40F98AD49}.Release|Any CPU.Build.0 = Release|Any CPU
	EndGlobalSection
EndGlobal
